
Microsoft Visual Studio Solution File, Format Version 12.00
# Visual Studio Version 16
VisualStudioVersion = 16.6.30114.105
MinimumVisualStudioVersion = 10.0.40219.1
Project("{FAE04EC0-301F-11D3-BF4B-00C04F79EFBC}") = "RaspberryPresenceStatus", "src\RaspberryPresenceStatus.csproj", "{3880A766-9223-4346-BA41-E3325527C7FA}"
EndProject
Project("{2150E333-8FDC-42A3-9474-1A3956D46DE8}") = "test", "test", "{C0B581E1-D16D-4CED-A9A6-84FEE713921A}"
EndProject
Project("{FAE04EC0-301F-11D3-BF4B-00C04F79EFBC}") = "RaspberryPresenceStatus.Unit", "test\RaspberryPresenceStatus.Unit\RaspberryPresenceStatus.Unit.csproj", "{7B8B91F2-B16D-40C0-9601-CF9A912C448B}"
EndProject
Project("{FAE04EC0-301F-11D3-BF4B-00C04F79EFBC}") = "RaspberryPresenceStatus.Integration", "test\RaspberryPresenceStatus.Integration\RaspberryPresenceStatus.Integration.csproj", "{D0A83B22-9CB6-407C-8E87-1C23B0466377}"
EndProject
Global
	GlobalSection(SolutionConfigurationPlatforms) = preSolution
		Debug|Any CPU = Debug|Any CPU
		Debug|x64 = Debug|x64
		Debug|x86 = Debug|x86
		Release|Any CPU = Release|Any CPU
		Release|x64 = Release|x64
		Release|x86 = Release|x86
	EndGlobalSection
	GlobalSection(SolutionProperties) = preSolution
		HideSolutionNode = FALSE
	EndGlobalSection
	GlobalSection(ProjectConfigurationPlatforms) = postSolution
		{3880A766-9223-4346-BA41-E3325527C7FA}.Debug|Any CPU.ActiveCfg = Debug|Any CPU
		{3880A766-9223-4346-BA41-E3325527C7FA}.Debug|Any CPU.Build.0 = Debug|Any CPU
		{3880A766-9223-4346-BA41-E3325527C7FA}.Debug|x64.ActiveCfg = Debug|Any CPU
		{3880A766-9223-4346-BA41-E3325527C7FA}.Debug|x64.Build.0 = Debug|Any CPU
		{3880A766-9223-4346-BA41-E3325527C7FA}.Debug|x86.ActiveCfg = Debug|Any CPU
		{3880A766-9223-4346-BA41-E3325527C7FA}.Debug|x86.Build.0 = Debug|Any CPU
		{3880A766-9223-4346-BA41-E3325527C7FA}.Release|Any CPU.ActiveCfg = Release|Any CPU
		{3880A766-9223-4346-BA41-E3325527C7FA}.Release|Any CPU.Build.0 = Release|Any CPU
		{3880A766-9223-4346-BA41-E3325527C7FA}.Release|x64.ActiveCfg = Release|Any CPU
		{3880A766-9223-4346-BA41-E3325527C7FA}.Release|x64.Build.0 = Release|Any CPU
		{3880A766-9223-4346-BA41-E3325527C7FA}.Release|x86.ActiveCfg = Release|Any CPU
		{3880A766-9223-4346-BA41-E3325527C7FA}.Release|x86.Build.0 = Release|Any CPU
		{7B8B91F2-B16D-40C0-9601-CF9A912C448B}.Debug|Any CPU.ActiveCfg = Debug|Any CPU
		{7B8B91F2-B16D-40C0-9601-CF9A912C448B}.Debug|Any CPU.Build.0 = Debug|Any CPU
		{7B8B91F2-B16D-40C0-9601-CF9A912C448B}.Debug|x64.ActiveCfg = Debug|Any CPU
		{7B8B91F2-B16D-40C0-9601-CF9A912C448B}.Debug|x64.Build.0 = Debug|Any CPU
		{7B8B91F2-B16D-40C0-9601-CF9A912C448B}.Debug|x86.ActiveCfg = Debug|Any CPU
		{7B8B91F2-B16D-40C0-9601-CF9A912C448B}.Debug|x86.Build.0 = Debug|Any CPU
		{7B8B91F2-B16D-40C0-9601-CF9A912C448B}.Release|Any CPU.ActiveCfg = Release|Any CPU
		{7B8B91F2-B16D-40C0-9601-CF9A912C448B}.Release|Any CPU.Build.0 = Release|Any CPU
		{7B8B91F2-B16D-40C0-9601-CF9A912C448B}.Release|x64.ActiveCfg = Release|Any CPU
		{7B8B91F2-B16D-40C0-9601-CF9A912C448B}.Release|x64.Build.0 = Release|Any CPU
		{7B8B91F2-B16D-40C0-9601-CF9A912C448B}.Release|x86.ActiveCfg = Release|Any CPU
		{7B8B91F2-B16D-40C0-9601-CF9A912C448B}.Release|x86.Build.0 = Release|Any CPU
		{D0A83B22-9CB6-407C-8E87-1C23B0466377}.Debug|Any CPU.ActiveCfg = Debug|Any CPU
		{D0A83B22-9CB6-407C-8E87-1C23B0466377}.Debug|Any CPU.Build.0 = Debug|Any CPU
		{D0A83B22-9CB6-407C-8E87-1C23B0466377}.Debug|x64.ActiveCfg = Debug|Any CPU
		{D0A83B22-9CB6-407C-8E87-1C23B0466377}.Debug|x64.Build.0 = Debug|Any CPU
		{D0A83B22-9CB6-407C-8E87-1C23B0466377}.Debug|x86.ActiveCfg = Debug|Any CPU
		{D0A83B22-9CB6-407C-8E87-1C23B0466377}.Debug|x86.Build.0 = Debug|Any CPU
		{D0A83B22-9CB6-407C-8E87-1C23B0466377}.Release|Any CPU.ActiveCfg = Release|Any CPU
		{D0A83B22-9CB6-407C-8E87-1C23B0466377}.Release|Any CPU.Build.0 = Release|Any CPU
		{D0A83B22-9CB6-407C-8E87-1C23B0466377}.Release|x64.ActiveCfg = Release|Any CPU
		{D0A83B22-9CB6-407C-8E87-1C23B0466377}.Release|x64.Build.0 = Release|Any CPU
		{D0A83B22-9CB6-407C-8E87-1C23B0466377}.Release|x86.ActiveCfg = Release|Any CPU
		{D0A83B22-9CB6-407C-8E87-1C23B0466377}.Release|x86.Build.0 = Release|Any CPU
	EndGlobalSection
	GlobalSection(NestedProjects) = preSolution
		{7B8B91F2-B16D-40C0-9601-CF9A912C448B} = {C0B581E1-D16D-4CED-A9A6-84FEE713921A}
		{D0A83B22-9CB6-407C-8E87-1C23B0466377} = {C0B581E1-D16D-4CED-A9A6-84FEE713921A}
	EndGlobalSection
EndGlobal
